
Microsoft Visual Studio Solution File, Format Version 12.00
# Visual Studio Version 17
VisualStudioVersion = 17.3.32929.385
MinimumVisualStudioVersion = 10.0.40219.1
Project("{FAE04EC0-301F-11D3-BF4B-00C04F79EFBC}") = "Yıldız Oteli", "Yıldız Oteli\Yıldız Oteli.csproj", "{B32CF826-FBAB-4CCB-A0C7-B0D3F3088FD1}"
EndProject
Global
	GlobalSection(SolutionConfigurationPlatforms) = preSolution
		Debug|Any CPU = Debug|Any CPU
		Release|Any CPU = Release|Any CPU
	EndGlobalSection
	GlobalSection(ProjectConfigurationPlatforms) = postSolution
		{B32CF826-FBAB-4CCB-A0C7-B0D3F3088FD1}.Debug|Any CPU.ActiveCfg = Debug|Any CPU
		{B32CF826-FBAB-4CCB-A0C7-B0D3F3088FD1}.Debug|Any CPU.Build.0 = Debug|Any CPU
		{B32CF826-FBAB-4CCB-A0C7-B0D3F3088FD1}.Release|Any CPU.ActiveCfg = Release|Any CPU
		{B32CF826-FBAB-4CCB-A0C7-B0D3F3088FD1}.Release|Any CPU.Build.0 = Release|Any CPU
	EndGlobalSection
	GlobalSection(SolutionProperties) = preSolution
		HideSolutionNode = FALSE
	EndGlobalSection
	GlobalSection(ExtensibilityGlobals) = postSolution
		SolutionGuid = {DC094827-AA26-4197-A9BE-ED71CB0C56FA}
	EndGlobalSection
EndGlobal
